// !$*UTF8*$!
{
	archiveVersion = 1;
	classes = {
	};
	objectVersion = 55;
	objects = {

/* Begin PBXBuildFile section */
		99393BDD0F60E9E321075EBC /* libPods-Wordle.a in Frameworks */ = {isa = PBXBuildFile; fileRef = 64ADBB1BDF723A2482734CCD /* libPods-Wordle.a */; };
		A23CC555297E9F560086168A /* User.swift in Sources */ = {isa = PBXBuildFile; fileRef = A23CC554297E9F560086168A /* User.swift */; };
		A23CC557297EAC260086168A /* Word.swift in Sources */ = {isa = PBXBuildFile; fileRef = A23CC556297EAC260086168A /* Word.swift */; };
		A28AA5B12978496600B0148D /* HTTPMethod.swift in Sources */ = {isa = PBXBuildFile; fileRef = A28AA5B02978496600B0148D /* HTTPMethod.swift */; };
		A28AA5B329784A0C00B0148D /* RequestConfig.swift in Sources */ = {isa = PBXBuildFile; fileRef = A28AA5B229784A0C00B0148D /* RequestConfig.swift */; };
		A28AA5B529784A7E00B0148D /* RequestBuilder.swift in Sources */ = {isa = PBXBuildFile; fileRef = A28AA5B429784A7E00B0148D /* RequestBuilder.swift */; };
		A28AA5B729784B8900B0148D /* NetworkService.swift in Sources */ = {isa = PBXBuildFile; fileRef = A28AA5B629784B8900B0148D /* NetworkService.swift */; };
		A28AA5BB29784F1600B0148D /* IRequestConfigurator.swift in Sources */ = {isa = PBXBuildFile; fileRef = A28AA5BA29784F1600B0148D /* IRequestConfigurator.swift */; };
		A28AA5BF2978583900B0148D /* EmptyQuery.swift in Sources */ = {isa = PBXBuildFile; fileRef = A28AA5BE2978583900B0148D /* EmptyQuery.swift */; };
		C713C80A283E6055005F770E /* ScoreController.swift in Sources */ = {isa = PBXBuildFile; fileRef = C713C809283E6055005F770E /* ScoreController.swift */; };
		C713C80C283E69EC005F770E /* UserController.swift in Sources */ = {isa = PBXBuildFile; fileRef = C713C80B283E69EC005F770E /* UserController.swift */; };
		C713C80E283F743C005F770E /* TopScoresUseCase.swift in Sources */ = {isa = PBXBuildFile; fileRef = C713C80D283F743C005F770E /* TopScoresUseCase.swift */; };
		E7BF92562809A03B005230C6 /* WordleApp.swift in Sources */ = {isa = PBXBuildFile; fileRef = E7BF92552809A03B005230C6 /* WordleApp.swift */; };
		E7BF92582809A03B005230C6 /* ContentView.swift in Sources */ = {isa = PBXBuildFile; fileRef = E7BF92572809A03B005230C6 /* ContentView.swift */; };
		E7BF925A2809A03F005230C6 /* Assets.xcassets in Resources */ = {isa = PBXBuildFile; fileRef = E7BF92592809A03F005230C6 /* Assets.xcassets */; };
		E7BF925D2809A03F005230C6 /* Preview Assets.xcassets in Resources */ = {isa = PBXBuildFile; fileRef = E7BF925C2809A03F005230C6 /* Preview Assets.xcassets */; };
		E7D85A952820C88200EC5D8F /* GameViewModel.swift in Sources */ = {isa = PBXBuildFile; fileRef = E7D85A942820C88200EC5D8F /* GameViewModel.swift */; };
		E7D85A992820CFD800EC5D8F /* GoogleSignIn in Frameworks */ = {isa = PBXBuildFile; productRef = E7D85A982820CFD800EC5D8F /* GoogleSignIn */; };
		E7D85A9D2820D30000EC5D8F /* client_770346214819-5clkai2sjkj5sibqvjgc78lkl3t848f1.apps.googleusercontent.com.plist in Resources */ = {isa = PBXBuildFile; fileRef = E7D85A9C2820D30000EC5D8F /* client_770346214819-5clkai2sjkj5sibqvjgc78lkl3t848f1.apps.googleusercontent.com.plist */; };
		E7D85AA42820D82100EC5D8F /* APIError.swift in Sources */ = {isa = PBXBuildFile; fileRef = E7D85AA32820D82100EC5D8F /* APIError.swift */; };
		E7D85AA72820DAB700EC5D8F /* ResultState.swift in Sources */ = {isa = PBXBuildFile; fileRef = E7D85AA62820DAB700EC5D8F /* ResultState.swift */; };
		E7D85AAA2820DD7700EC5D8F /* ErrorView.swift in Sources */ = {isa = PBXBuildFile; fileRef = E7D85AA92820DD7700EC5D8F /* ErrorView.swift */; };
		E7D85AAC2820E97300EC5D8F /* GoogleService-Info.plist in Resources */ = {isa = PBXBuildFile; fileRef = E7D85AAB2820E97300EC5D8F /* GoogleService-Info.plist */; };
		E7D85AAF2820EBA700EC5D8F /* FirebaseAnalytics in Frameworks */ = {isa = PBXBuildFile; productRef = E7D85AAE2820EBA700EC5D8F /* FirebaseAnalytics */; };
		E7D85AB12820EBA700EC5D8F /* FirebaseAnalyticsSwift-Beta in Frameworks */ = {isa = PBXBuildFile; productRef = E7D85AB02820EBA700EC5D8F /* FirebaseAnalyticsSwift-Beta */; };
		E7D85AB32820EBA700EC5D8F /* FirebaseAnalyticsWithoutAdIdSupport in Frameworks */ = {isa = PBXBuildFile; productRef = E7D85AB22820EBA700EC5D8F /* FirebaseAnalyticsWithoutAdIdSupport */; };
		E7D85AB52820EBA700EC5D8F /* FirebaseAppCheck in Frameworks */ = {isa = PBXBuildFile; productRef = E7D85AB42820EBA700EC5D8F /* FirebaseAppCheck */; };
		E7D85AB72820EBA700EC5D8F /* FirebaseAppDistribution-Beta in Frameworks */ = {isa = PBXBuildFile; productRef = E7D85AB62820EBA700EC5D8F /* FirebaseAppDistribution-Beta */; };
		E7D85AB92820EBA700EC5D8F /* FirebaseAuth in Frameworks */ = {isa = PBXBuildFile; productRef = E7D85AB82820EBA700EC5D8F /* FirebaseAuth */; };
		E7D85ABB2820EBA700EC5D8F /* FirebaseAuthCombine-Community in Frameworks */ = {isa = PBXBuildFile; productRef = E7D85ABA2820EBA700EC5D8F /* FirebaseAuthCombine-Community */; };
		E7D85ABD2820EBA700EC5D8F /* FirebaseCrashlytics in Frameworks */ = {isa = PBXBuildFile; productRef = E7D85ABC2820EBA700EC5D8F /* FirebaseCrashlytics */; };
		E7D85ABF2820EBA700EC5D8F /* FirebaseDatabase in Frameworks */ = {isa = PBXBuildFile; productRef = E7D85ABE2820EBA700EC5D8F /* FirebaseDatabase */; };
		E7D85AC12820EBA700EC5D8F /* FirebaseDatabaseSwift-Beta in Frameworks */ = {isa = PBXBuildFile; productRef = E7D85AC02820EBA700EC5D8F /* FirebaseDatabaseSwift-Beta */; };
		E7D85AC32820EBA700EC5D8F /* FirebaseDynamicLinks in Frameworks */ = {isa = PBXBuildFile; productRef = E7D85AC22820EBA700EC5D8F /* FirebaseDynamicLinks */; };
		E7D85AC52820EBA700EC5D8F /* FirebaseFirestore in Frameworks */ = {isa = PBXBuildFile; productRef = E7D85AC42820EBA700EC5D8F /* FirebaseFirestore */; };
		E7D85AC72820EBA700EC5D8F /* FirebaseFirestoreCombine-Community in Frameworks */ = {isa = PBXBuildFile; productRef = E7D85AC62820EBA700EC5D8F /* FirebaseFirestoreCombine-Community */; };
		E7D85AC92820EBA700EC5D8F /* FirebaseFirestoreSwift-Beta in Frameworks */ = {isa = PBXBuildFile; productRef = E7D85AC82820EBA700EC5D8F /* FirebaseFirestoreSwift-Beta */; };
		E7D85ACB2820EBA700EC5D8F /* FirebaseFunctions in Frameworks */ = {isa = PBXBuildFile; productRef = E7D85ACA2820EBA700EC5D8F /* FirebaseFunctions */; };
		E7D85ACD2820EBA700EC5D8F /* FirebaseFunctionsCombine-Community in Frameworks */ = {isa = PBXBuildFile; productRef = E7D85ACC2820EBA700EC5D8F /* FirebaseFunctionsCombine-Community */; };
		E7D85ACF2820EBA700EC5D8F /* FirebaseFunctionsSwift-Beta in Frameworks */ = {isa = PBXBuildFile; productRef = E7D85ACE2820EBA700EC5D8F /* FirebaseFunctionsSwift-Beta */; };
		E7D85AD12820EBA700EC5D8F /* FirebaseInAppMessaging-Beta in Frameworks */ = {isa = PBXBuildFile; productRef = E7D85AD02820EBA700EC5D8F /* FirebaseInAppMessaging-Beta */; };
		E7D85AD32820EBA700EC5D8F /* FirebaseInAppMessagingSwift-Beta in Frameworks */ = {isa = PBXBuildFile; productRef = E7D85AD22820EBA700EC5D8F /* FirebaseInAppMessagingSwift-Beta */; };
		E7D85AD52820EBA700EC5D8F /* FirebaseInstallations in Frameworks */ = {isa = PBXBuildFile; productRef = E7D85AD42820EBA700EC5D8F /* FirebaseInstallations */; };
		E7D85AD72820EBA700EC5D8F /* FirebaseMessaging in Frameworks */ = {isa = PBXBuildFile; productRef = E7D85AD62820EBA700EC5D8F /* FirebaseMessaging */; };
		E7D85AD92820EBA700EC5D8F /* FirebasePerformance in Frameworks */ = {isa = PBXBuildFile; productRef = E7D85AD82820EBA700EC5D8F /* FirebasePerformance */; };
		E7D85ADB2820EBA700EC5D8F /* FirebaseRemoteConfig in Frameworks */ = {isa = PBXBuildFile; productRef = E7D85ADA2820EBA700EC5D8F /* FirebaseRemoteConfig */; };
		E7D85ADD2820EBA700EC5D8F /* FirebaseRemoteConfigSwift-Beta in Frameworks */ = {isa = PBXBuildFile; productRef = E7D85ADC2820EBA700EC5D8F /* FirebaseRemoteConfigSwift-Beta */; };
		E7D85ADF2820EBA800EC5D8F /* FirebaseStorage in Frameworks */ = {isa = PBXBuildFile; productRef = E7D85ADE2820EBA800EC5D8F /* FirebaseStorage */; };
		E7D85AE12820EBA800EC5D8F /* FirebaseStorageCombine-Community in Frameworks */ = {isa = PBXBuildFile; productRef = E7D85AE02820EBA800EC5D8F /* FirebaseStorageCombine-Community */; };
		E7D85AE32820EBA800EC5D8F /* FirebaseStorageSwift-Beta in Frameworks */ = {isa = PBXBuildFile; productRef = E7D85AE22820EBA800EC5D8F /* FirebaseStorageSwift-Beta */; };
		E7D85AE7282159F900EC5D8F /* UserViewModel.swift in Sources */ = {isa = PBXBuildFile; fileRef = E7D85AE6282159F900EC5D8F /* UserViewModel.swift */; };
		E7D85AE928215BAF00EC5D8F /* LoginView.swift in Sources */ = {isa = PBXBuildFile; fileRef = E7D85AE828215BAF00EC5D8F /* LoginView.swift */; };
		E7D85AEB28215BCB00EC5D8F /* ScreenDimensions.swift in Sources */ = {isa = PBXBuildFile; fileRef = E7D85AEA28215BCB00EC5D8F /* ScreenDimensions.swift */; };
		E7D85AED28215C1300EC5D8F /* SignUpView.swift in Sources */ = {isa = PBXBuildFile; fileRef = E7D85AEC28215C1300EC5D8F /* SignUpView.swift */; };
		E7D85AEF28215DFB00EC5D8F /* GoogleService-Info2.plist in Resources */ = {isa = PBXBuildFile; fileRef = E7D85AEE28215DFB00EC5D8F /* GoogleService-Info2.plist */; };
		E7D85AF12822C9A600EC5D8F /* Database+Extensions.swift in Sources */ = {isa = PBXBuildFile; fileRef = E7D85AF02822C9A600EC5D8F /* Database+Extensions.swift */; };
		E7E3DBC0282A397A008E748E /* AnswerView.swift in Sources */ = {isa = PBXBuildFile; fileRef = E7E3DBBF282A397A008E748E /* AnswerView.swift */; };
		E7E3DBC2282A5FDF008E748E /* CharPlace.swift in Sources */ = {isa = PBXBuildFile; fileRef = E7E3DBC1282A5FDF008E748E /* CharPlace.swift */; };
		E7E3DBC4282A5FF6008E748E /* GameStatus.swift in Sources */ = {isa = PBXBuildFile; fileRef = E7E3DBC3282A5FF6008E748E /* GameStatus.swift */; };
		E7E3DBC6282A60AB008E748E /* LetterView.swift in Sources */ = {isa = PBXBuildFile; fileRef = E7E3DBC5282A60AB008E748E /* LetterView.swift */; };
		E7E3DBCA282BDE8B008E748E /* AnswerViewModel.swift in Sources */ = {isa = PBXBuildFile; fileRef = E7E3DBC9282BDE8B008E748E /* AnswerViewModel.swift */; };
		E7E3DBCC282BE1DC008E748E /* Answer.swift in Sources */ = {isa = PBXBuildFile; fileRef = E7E3DBCB282BE1DC008E748E /* Answer.swift */; };
/* End PBXBuildFile section */

/* Begin PBXFileReference section */
		2069E62A388EAC39C91D31AA /* Pods-Wordle.debug.xcconfig */ = {isa = PBXFileReference; includeInIndex = 1; lastKnownFileType = text.xcconfig; name = "Pods-Wordle.debug.xcconfig"; path = "Target Support Files/Pods-Wordle/Pods-Wordle.debug.xcconfig"; sourceTree = "<group>"; };
		64ADBB1BDF723A2482734CCD /* libPods-Wordle.a */ = {isa = PBXFileReference; explicitFileType = archive.ar; includeInIndex = 0; path = "libPods-Wordle.a"; sourceTree = BUILT_PRODUCTS_DIR; };
		A23CC554297E9F560086168A /* User.swift */ = {isa = PBXFileReference; lastKnownFileType = sourcecode.swift; path = User.swift; sourceTree = "<group>"; };
		A23CC556297EAC260086168A /* Word.swift */ = {isa = PBXFileReference; lastKnownFileType = sourcecode.swift; path = Word.swift; sourceTree = "<group>"; };
		A28AA5B02978496600B0148D /* HTTPMethod.swift */ = {isa = PBXFileReference; lastKnownFileType = sourcecode.swift; path = HTTPMethod.swift; sourceTree = "<group>"; };
		A28AA5B229784A0C00B0148D /* RequestConfig.swift */ = {isa = PBXFileReference; lastKnownFileType = sourcecode.swift; path = RequestConfig.swift; sourceTree = "<group>"; };
		A28AA5B429784A7E00B0148D /* RequestBuilder.swift */ = {isa = PBXFileReference; lastKnownFileType = sourcecode.swift; path = RequestBuilder.swift; sourceTree = "<group>"; };
		A28AA5B629784B8900B0148D /* NetworkService.swift */ = {isa = PBXFileReference; lastKnownFileType = sourcecode.swift; path = NetworkService.swift; sourceTree = "<group>"; };
		A28AA5BA29784F1600B0148D /* IRequestConfigurator.swift */ = {isa = PBXFileReference; lastKnownFileType = sourcecode.swift; path = IRequestConfigurator.swift; sourceTree = "<group>"; };
		A28AA5BE2978583900B0148D /* EmptyQuery.swift */ = {isa = PBXFileReference; lastKnownFileType = sourcecode.swift; path = EmptyQuery.swift; sourceTree = "<group>"; };
		C5EAD6AB36C334016513DEA5 /* Pods-Wordle.release.xcconfig */ = {isa = PBXFileReference; includeInIndex = 1; lastKnownFileType = text.xcconfig; name = "Pods-Wordle.release.xcconfig"; path = "Target Support Files/Pods-Wordle/Pods-Wordle.release.xcconfig"; sourceTree = "<group>"; };
		C713C806283C725A005F770E /* Wordle.entitlements */ = {isa = PBXFileReference; lastKnownFileType = text.plist.entitlements; path = Wordle.entitlements; sourceTree = "<group>"; };
		C713C809283E6055005F770E /* ScoreController.swift */ = {isa = PBXFileReference; lastKnownFileType = sourcecode.swift; path = ScoreController.swift; sourceTree = "<group>"; };
		C713C80B283E69EC005F770E /* UserController.swift */ = {isa = PBXFileReference; lastKnownFileType = sourcecode.swift; path = UserController.swift; sourceTree = "<group>"; };
		C713C80D283F743C005F770E /* TopScoresUseCase.swift */ = {isa = PBXFileReference; lastKnownFileType = sourcecode.swift; path = TopScoresUseCase.swift; sourceTree = "<group>"; };
		E7BF92522809A03B005230C6 /* Wordle.app */ = {isa = PBXFileReference; explicitFileType = wrapper.application; includeInIndex = 0; path = Wordle.app; sourceTree = BUILT_PRODUCTS_DIR; };
		E7BF92552809A03B005230C6 /* WordleApp.swift */ = {isa = PBXFileReference; lastKnownFileType = sourcecode.swift; path = WordleApp.swift; sourceTree = "<group>"; };
		E7BF92572809A03B005230C6 /* ContentView.swift */ = {isa = PBXFileReference; lastKnownFileType = sourcecode.swift; path = ContentView.swift; sourceTree = "<group>"; };
		E7BF92592809A03F005230C6 /* Assets.xcassets */ = {isa = PBXFileReference; lastKnownFileType = folder.assetcatalog; path = Assets.xcassets; sourceTree = "<group>"; };
		E7BF925C2809A03F005230C6 /* Preview Assets.xcassets */ = {isa = PBXFileReference; lastKnownFileType = folder.assetcatalog; path = "Preview Assets.xcassets"; sourceTree = "<group>"; };
		E7D85A942820C88200EC5D8F /* GameViewModel.swift */ = {isa = PBXFileReference; lastKnownFileType = sourcecode.swift; path = GameViewModel.swift; sourceTree = "<group>"; };
		E7D85A962820CD7E00EC5D8F /* README.md */ = {isa = PBXFileReference; lastKnownFileType = net.daringfireball.markdown; path = README.md; sourceTree = "<group>"; };
		E7D85A9C2820D30000EC5D8F /* client_770346214819-5clkai2sjkj5sibqvjgc78lkl3t848f1.apps.googleusercontent.com.plist */ = {isa = PBXFileReference; lastKnownFileType = text.plist.xml; path = "client_770346214819-5clkai2sjkj5sibqvjgc78lkl3t848f1.apps.googleusercontent.com.plist"; sourceTree = "<group>"; };
		E7D85A9E2820D3B000EC5D8F /* Info.plist */ = {isa = PBXFileReference; lastKnownFileType = text.plist.xml; path = Info.plist; sourceTree = "<group>"; };
		E7D85AA32820D82100EC5D8F /* APIError.swift */ = {isa = PBXFileReference; lastKnownFileType = sourcecode.swift; path = APIError.swift; sourceTree = "<group>"; };
		E7D85AA62820DAB700EC5D8F /* ResultState.swift */ = {isa = PBXFileReference; lastKnownFileType = sourcecode.swift; path = ResultState.swift; sourceTree = "<group>"; };
		E7D85AA92820DD7700EC5D8F /* ErrorView.swift */ = {isa = PBXFileReference; lastKnownFileType = sourcecode.swift; path = ErrorView.swift; sourceTree = "<group>"; };
		E7D85AAB2820E97300EC5D8F /* GoogleService-Info.plist */ = {isa = PBXFileReference; fileEncoding = 4; lastKnownFileType = text.plist.xml; path = "GoogleService-Info.plist"; sourceTree = "<group>"; };
		E7D85AE6282159F900EC5D8F /* UserViewModel.swift */ = {isa = PBXFileReference; lastKnownFileType = sourcecode.swift; path = UserViewModel.swift; sourceTree = "<group>"; };
		E7D85AE828215BAF00EC5D8F /* LoginView.swift */ = {isa = PBXFileReference; lastKnownFileType = sourcecode.swift; path = LoginView.swift; sourceTree = "<group>"; };
		E7D85AEA28215BCB00EC5D8F /* ScreenDimensions.swift */ = {isa = PBXFileReference; lastKnownFileType = sourcecode.swift; path = ScreenDimensions.swift; sourceTree = "<group>"; };
		E7D85AEC28215C1300EC5D8F /* SignUpView.swift */ = {isa = PBXFileReference; lastKnownFileType = sourcecode.swift; path = SignUpView.swift; sourceTree = "<group>"; };
		E7D85AEE28215DFB00EC5D8F /* GoogleService-Info2.plist */ = {isa = PBXFileReference; lastKnownFileType = text.plist.xml; path = "GoogleService-Info2.plist"; sourceTree = "<group>"; };
		E7D85AF02822C9A600EC5D8F /* Database+Extensions.swift */ = {isa = PBXFileReference; lastKnownFileType = sourcecode.swift; path = "Database+Extensions.swift"; sourceTree = "<group>"; };
		E7E3DBBF282A397A008E748E /* AnswerView.swift */ = {isa = PBXFileReference; lastKnownFileType = sourcecode.swift; path = AnswerView.swift; sourceTree = "<group>"; };
		E7E3DBC1282A5FDF008E748E /* CharPlace.swift */ = {isa = PBXFileReference; lastKnownFileType = sourcecode.swift; path = CharPlace.swift; sourceTree = "<group>"; };
		E7E3DBC3282A5FF6008E748E /* GameStatus.swift */ = {isa = PBXFileReference; lastKnownFileType = sourcecode.swift; path = GameStatus.swift; sourceTree = "<group>"; };
		E7E3DBC5282A60AB008E748E /* LetterView.swift */ = {isa = PBXFileReference; lastKnownFileType = sourcecode.swift; path = LetterView.swift; sourceTree = "<group>"; };
		E7E3DBC9282BDE8B008E748E /* AnswerViewModel.swift */ = {isa = PBXFileReference; lastKnownFileType = sourcecode.swift; path = AnswerViewModel.swift; sourceTree = "<group>"; };
		E7E3DBCB282BE1DC008E748E /* Answer.swift */ = {isa = PBXFileReference; lastKnownFileType = sourcecode.swift; path = Answer.swift; sourceTree = "<group>"; };
/* End PBXFileReference section */

/* Begin PBXFrameworksBuildPhase section */
		E7BF924F2809A03B005230C6 /* Frameworks */ = {
			isa = PBXFrameworksBuildPhase;
			buildActionMask = 2147483647;
			files = (
				E7D85ACB2820EBA700EC5D8F /* FirebaseFunctions in Frameworks */,
				E7D85AB72820EBA700EC5D8F /* FirebaseAppDistribution-Beta in Frameworks */,
				E7D85ABB2820EBA700EC5D8F /* FirebaseAuthCombine-Community in Frameworks */,
				E7D85AD72820EBA700EC5D8F /* FirebaseMessaging in Frameworks */,
				99393BDD0F60E9E321075EBC /* libPods-Wordle.a in Frameworks */,
				E7D85AC72820EBA700EC5D8F /* FirebaseFirestoreCombine-Community in Frameworks */,
				E7D85AB32820EBA700EC5D8F /* FirebaseAnalyticsWithoutAdIdSupport in Frameworks */,
				E7D85AC92820EBA700EC5D8F /* FirebaseFirestoreSwift-Beta in Frameworks */,
				E7D85A992820CFD800EC5D8F /* GoogleSignIn in Frameworks */,
				E7D85AB12820EBA700EC5D8F /* FirebaseAnalyticsSwift-Beta in Frameworks */,
				E7D85AC12820EBA700EC5D8F /* FirebaseDatabaseSwift-Beta in Frameworks */,
				E7D85AB52820EBA700EC5D8F /* FirebaseAppCheck in Frameworks */,
				E7D85AD52820EBA700EC5D8F /* FirebaseInstallations in Frameworks */,
				E7D85AE32820EBA800EC5D8F /* FirebaseStorageSwift-Beta in Frameworks */,
				E7D85ACD2820EBA700EC5D8F /* FirebaseFunctionsCombine-Community in Frameworks */,
				E7D85AD92820EBA700EC5D8F /* FirebasePerformance in Frameworks */,
				E7D85ABD2820EBA700EC5D8F /* FirebaseCrashlytics in Frameworks */,
				E7D85ABF2820EBA700EC5D8F /* FirebaseDatabase in Frameworks */,
				E7D85ADD2820EBA700EC5D8F /* FirebaseRemoteConfigSwift-Beta in Frameworks */,
				E7D85AAF2820EBA700EC5D8F /* FirebaseAnalytics in Frameworks */,
				E7D85ACF2820EBA700EC5D8F /* FirebaseFunctionsSwift-Beta in Frameworks */,
				E7D85ADF2820EBA800EC5D8F /* FirebaseStorage in Frameworks */,
				E7D85ADB2820EBA700EC5D8F /* FirebaseRemoteConfig in Frameworks */,
				E7D85AE12820EBA800EC5D8F /* FirebaseStorageCombine-Community in Frameworks */,
				E7D85AD32820EBA700EC5D8F /* FirebaseInAppMessagingSwift-Beta in Frameworks */,
				E7D85AB92820EBA700EC5D8F /* FirebaseAuth in Frameworks */,
				E7D85AC32820EBA700EC5D8F /* FirebaseDynamicLinks in Frameworks */,
				E7D85AC52820EBA700EC5D8F /* FirebaseFirestore in Frameworks */,
				E7D85AD12820EBA700EC5D8F /* FirebaseInAppMessaging-Beta in Frameworks */,
			);
			runOnlyForDeploymentPostprocessing = 0;
		};
/* End PBXFrameworksBuildPhase section */

/* Begin PBXGroup section */
		6573AF7510568E3691110F97 /* Pods */ = {
			isa = PBXGroup;
			children = (
				2069E62A388EAC39C91D31AA /* Pods-Wordle.debug.xcconfig */,
				C5EAD6AB36C334016513DEA5 /* Pods-Wordle.release.xcconfig */,
			);
			path = Pods;
			sourceTree = "<group>";
		};
		A23CC553297E9F460086168A /* DTOs */ = {
			isa = PBXGroup;
			children = (
				A23CC554297E9F560086168A /* User.swift */,
				A23CC556297EAC260086168A /* Word.swift */,
			);
			path = DTOs;
			sourceTree = "<group>";
		};
		A23CC558297EB1590086168A /* Internal */ = {
			isa = PBXGroup;
			children = (
				A28AA5BA29784F1600B0148D /* IRequestConfigurator.swift */,
				A28AA5B02978496600B0148D /* HTTPMethod.swift */,
				A28AA5B229784A0C00B0148D /* RequestConfig.swift */,
				A28AA5BE2978583900B0148D /* EmptyQuery.swift */,
			);
			path = Internal;
			sourceTree = "<group>";
		};
		A28AA5AF297848C000B0148D /* Network */ = {
			isa = PBXGroup;
			children = (
				A23CC558297EB1590086168A /* Internal */,
				A23CC553297E9F460086168A /* DTOs */,
				A28AA5B429784A7E00B0148D /* RequestBuilder.swift */,
				A28AA5B629784B8900B0148D /* NetworkService.swift */,
			);
			path = Network;
			sourceTree = "<group>";
		};
		C321A52EA724E9BD69E8CF68 /* Frameworks */ = {
			isa = PBXGroup;
			children = (
				64ADBB1BDF723A2482734CCD /* libPods-Wordle.a */,
			);
			name = Frameworks;
			sourceTree = "<group>";
		};
		E7BF92492809A03B005230C6 = {
			isa = PBXGroup;
			children = (
				E7BF92542809A03B005230C6 /* Wordle */,
				E7D85AA82820DABC00EC5D8F /* CommonStuff */,
				E7BF92532809A03B005230C6 /* Products */,
				6573AF7510568E3691110F97 /* Pods */,
				C321A52EA724E9BD69E8CF68 /* Frameworks */,
			);
			sourceTree = "<group>";
		};
		E7BF92532809A03B005230C6 /* Products */ = {
			isa = PBXGroup;
			children = (
				E7BF92522809A03B005230C6 /* Wordle.app */,
			);
			name = Products;
			sourceTree = "<group>";
		};
		E7BF92542809A03B005230C6 /* Wordle */ = {
			isa = PBXGroup;
			children = (
				A28AA5AF297848C000B0148D /* Network */,
				C713C806283C725A005F770E /* Wordle.entitlements */,
				E7D85AEE28215DFB00EC5D8F /* GoogleService-Info2.plist */,
				E7D85AAB2820E97300EC5D8F /* GoogleService-Info.plist */,
				E7D85AE5282159B200EC5D8F /* Models */,
				E7D85AE42821598B00EC5D8F /* Views */,
				E7D85AA52820D84100EC5D8F /* Service */,
				E7BF92552809A03B005230C6 /* WordleApp.swift */,
				E7D85AA62820DAB700EC5D8F /* ResultState.swift */,
				E7BF925B2809A03F005230C6 /* Preview Content */,
				E7D85A962820CD7E00EC5D8F /* README.md */,
				E7D85A9E2820D3B000EC5D8F /* Info.plist */,
			);
			path = Wordle;
			sourceTree = "<group>";
		};
		E7BF925B2809A03F005230C6 /* Preview Content */ = {
			isa = PBXGroup;
			children = (
				E7BF925C2809A03F005230C6 /* Preview Assets.xcassets */,
			);
			path = "Preview Content";
			sourceTree = "<group>";
		};
		E7D85AA52820D84100EC5D8F /* Service */ = {
			isa = PBXGroup;
			children = (
				E7D85AA32820D82100EC5D8F /* APIError.swift */,
			);
			path = Service;
			sourceTree = "<group>";
		};
		E7D85AA82820DABC00EC5D8F /* CommonStuff */ = {
			isa = PBXGroup;
			children = (
				E7BF92592809A03F005230C6 /* Assets.xcassets */,
				E7D85A9C2820D30000EC5D8F /* client_770346214819-5clkai2sjkj5sibqvjgc78lkl3t848f1.apps.googleusercontent.com.plist */,
			);
			path = CommonStuff;
			sourceTree = "<group>";
		};
		E7D85AE42821598B00EC5D8F /* Views */ = {
			isa = PBXGroup;
			children = (
				E7BF92572809A03B005230C6 /* ContentView.swift */,
				E7D85AA92820DD7700EC5D8F /* ErrorView.swift */,
				E7D85AE828215BAF00EC5D8F /* LoginView.swift */,
				E7D85AEC28215C1300EC5D8F /* SignUpView.swift */,
				E7E3DBBF282A397A008E748E /* AnswerView.swift */,
				E7E3DBC5282A60AB008E748E /* LetterView.swift */,
			);
			path = Views;
			sourceTree = "<group>";
		};
		E7D85AE5282159B200EC5D8F /* Models */ = {
			isa = PBXGroup;
			children = (
				E7D85A942820C88200EC5D8F /* GameViewModel.swift */,
				E7D85AE6282159F900EC5D8F /* UserViewModel.swift */,
				E7D85AEA28215BCB00EC5D8F /* ScreenDimensions.swift */,
				E7D85AF02822C9A600EC5D8F /* Database+Extensions.swift */,
				E7E3DBC1282A5FDF008E748E /* CharPlace.swift */,
				E7E3DBC3282A5FF6008E748E /* GameStatus.swift */,
				E7E3DBC9282BDE8B008E748E /* AnswerViewModel.swift */,
				E7E3DBCB282BE1DC008E748E /* Answer.swift */,
				C713C809283E6055005F770E /* ScoreController.swift */,
				C713C80B283E69EC005F770E /* UserController.swift */,
				C713C80D283F743C005F770E /* TopScoresUseCase.swift */,
			);
			path = Models;
			sourceTree = "<group>";
		};
/* End PBXGroup section */

/* Begin PBXNativeTarget section */
		E7BF92512809A03B005230C6 /* Wordle */ = {
			isa = PBXNativeTarget;
			buildConfigurationList = E7BF92602809A03F005230C6 /* Build configuration list for PBXNativeTarget "Wordle" */;
			buildPhases = (
				AD717D16477B0B8DB72A9763 /* [CP] Check Pods Manifest.lock */,
				E7BF924E2809A03B005230C6 /* Sources */,
				E7BF924F2809A03B005230C6 /* Frameworks */,
				E7BF92502809A03B005230C6 /* Resources */,
			);
			buildRules = (
			);
			dependencies = (
			);
			name = Wordle;
			packageProductDependencies = (
				E7D85A982820CFD800EC5D8F /* GoogleSignIn */,
				E7D85AAE2820EBA700EC5D8F /* FirebaseAnalytics */,
				E7D85AB02820EBA700EC5D8F /* FirebaseAnalyticsSwift-Beta */,
				E7D85AB22820EBA700EC5D8F /* FirebaseAnalyticsWithoutAdIdSupport */,
				E7D85AB42820EBA700EC5D8F /* FirebaseAppCheck */,
				E7D85AB62820EBA700EC5D8F /* FirebaseAppDistribution-Beta */,
				E7D85AB82820EBA700EC5D8F /* FirebaseAuth */,
				E7D85ABA2820EBA700EC5D8F /* FirebaseAuthCombine-Community */,
				E7D85ABC2820EBA700EC5D8F /* FirebaseCrashlytics */,
				E7D85ABE2820EBA700EC5D8F /* FirebaseDatabase */,
				E7D85AC02820EBA700EC5D8F /* FirebaseDatabaseSwift-Beta */,
				E7D85AC22820EBA700EC5D8F /* FirebaseDynamicLinks */,
				E7D85AC42820EBA700EC5D8F /* FirebaseFirestore */,
				E7D85AC62820EBA700EC5D8F /* FirebaseFirestoreCombine-Community */,
				E7D85AC82820EBA700EC5D8F /* FirebaseFirestoreSwift-Beta */,
				E7D85ACA2820EBA700EC5D8F /* FirebaseFunctions */,
				E7D85ACC2820EBA700EC5D8F /* FirebaseFunctionsCombine-Community */,
				E7D85ACE2820EBA700EC5D8F /* FirebaseFunctionsSwift-Beta */,
				E7D85AD02820EBA700EC5D8F /* FirebaseInAppMessaging-Beta */,
				E7D85AD22820EBA700EC5D8F /* FirebaseInAppMessagingSwift-Beta */,
				E7D85AD42820EBA700EC5D8F /* FirebaseInstallations */,
				E7D85AD62820EBA700EC5D8F /* FirebaseMessaging */,
				E7D85AD82820EBA700EC5D8F /* FirebasePerformance */,
				E7D85ADA2820EBA700EC5D8F /* FirebaseRemoteConfig */,
				E7D85ADC2820EBA700EC5D8F /* FirebaseRemoteConfigSwift-Beta */,
				E7D85ADE2820EBA800EC5D8F /* FirebaseStorage */,
				E7D85AE02820EBA800EC5D8F /* FirebaseStorageCombine-Community */,
				E7D85AE22820EBA800EC5D8F /* FirebaseStorageSwift-Beta */,
			);
			productName = Wordle;
			productReference = E7BF92522809A03B005230C6 /* Wordle.app */;
			productType = "com.apple.product-type.application";
		};
/* End PBXNativeTarget section */

/* Begin PBXProject section */
		E7BF924A2809A03B005230C6 /* Project object */ = {
			isa = PBXProject;
			attributes = {
				BuildIndependentTargetsInParallel = 1;
				LastSwiftUpdateCheck = 1330;
				LastUpgradeCheck = 1330;
				TargetAttributes = {
					E7BF92512809A03B005230C6 = {
						CreatedOnToolsVersion = 13.3.1;
					};
				};
			};
			buildConfigurationList = E7BF924D2809A03B005230C6 /* Build configuration list for PBXProject "Wordle" */;
			compatibilityVersion = "Xcode 13.0";
			developmentRegion = en;
			hasScannedForEncodings = 0;
			knownRegions = (
				en,
				Base,
			);
			mainGroup = E7BF92492809A03B005230C6;
			packageReferences = (
				E7D85A972820CFD800EC5D8F /* XCRemoteSwiftPackageReference "GoogleSignIn-iOS" */,
				E7D85AAD2820EBA700EC5D8F /* XCRemoteSwiftPackageReference "firebase-ios-sdk" */,
			);
			productRefGroup = E7BF92532809A03B005230C6 /* Products */;
			projectDirPath = "";
			projectRoot = "";
			targets = (
				E7BF92512809A03B005230C6 /* Wordle */,
			);
		};
/* End PBXProject section */

/* Begin PBXResourcesBuildPhase section */
		E7BF92502809A03B005230C6 /* Resources */ = {
			isa = PBXResourcesBuildPhase;
			buildActionMask = 2147483647;
			files = (
				E7BF925D2809A03F005230C6 /* Preview Assets.xcassets in Resources */,
				E7BF925A2809A03F005230C6 /* Assets.xcassets in Resources */,
				E7D85AAC2820E97300EC5D8F /* GoogleService-Info.plist in Resources */,
				E7D85A9D2820D30000EC5D8F /* client_770346214819-5clkai2sjkj5sibqvjgc78lkl3t848f1.apps.googleusercontent.com.plist in Resources */,
				E7D85AEF28215DFB00EC5D8F /* GoogleService-Info2.plist in Resources */,
			);
			runOnlyForDeploymentPostprocessing = 0;
		};
/* End PBXResourcesBuildPhase section */

/* Begin PBXShellScriptBuildPhase section */
		AD717D16477B0B8DB72A9763 /* [CP] Check Pods Manifest.lock */ = {
			isa = PBXShellScriptBuildPhase;
			buildActionMask = 2147483647;
			files = (
			);
			inputFileListPaths = (
			);
			inputPaths = (
				"${PODS_PODFILE_DIR_PATH}/Podfile.lock",
				"${PODS_ROOT}/Manifest.lock",
			);
			name = "[CP] Check Pods Manifest.lock";
			outputFileListPaths = (
			);
			outputPaths = (
				"$(DERIVED_FILE_DIR)/Pods-Wordle-checkManifestLockResult.txt",
			);
			runOnlyForDeploymentPostprocessing = 0;
			shellPath = /bin/sh;
			shellScript = "diff \"${PODS_PODFILE_DIR_PATH}/Podfile.lock\" \"${PODS_ROOT}/Manifest.lock\" > /dev/null\nif [ $? != 0 ] ; then\n    # print error to STDERR\n    echo \"error: The sandbox is not in sync with the Podfile.lock. Run 'pod install' or update your CocoaPods installation.\" >&2\n    exit 1\nfi\n# This output is used by Xcode 'outputs' to avoid re-running this script phase.\necho \"SUCCESS\" > \"${SCRIPT_OUTPUT_FILE_0}\"\n";
			showEnvVarsInLog = 0;
		};
/* End PBXShellScriptBuildPhase section */

/* Begin PBXSourcesBuildPhase section */
		E7BF924E2809A03B005230C6 /* Sources */ = {
			isa = PBXSourcesBuildPhase;
			buildActionMask = 2147483647;
			files = (
				C713C80C283E69EC005F770E /* UserController.swift in Sources */,
				A23CC557297EAC260086168A /* Word.swift in Sources */,
				E7E3DBCA282BDE8B008E748E /* AnswerViewModel.swift in Sources */,
				A28AA5BF2978583900B0148D /* EmptyQuery.swift in Sources */,
				A28AA5B12978496600B0148D /* HTTPMethod.swift in Sources */,
				E7D85A952820C88200EC5D8F /* GameViewModel.swift in Sources */,
				A23CC555297E9F560086168A /* User.swift in Sources */,
				C713C80A283E6055005F770E /* ScoreController.swift in Sources */,
				E7BF92582809A03B005230C6 /* ContentView.swift in Sources */,
				A28AA5B529784A7E00B0148D /* RequestBuilder.swift in Sources */,
				E7E3DBC0282A397A008E748E /* AnswerView.swift in Sources */,
				E7D85AEB28215BCB00EC5D8F /* ScreenDimensions.swift in Sources */,
				E7E3DBC4282A5FF6008E748E /* GameStatus.swift in Sources */,
				A28AA5B729784B8900B0148D /* NetworkService.swift in Sources */,
				E7E3DBCC282BE1DC008E748E /* Answer.swift in Sources */,
				E7D85AF12822C9A600EC5D8F /* Database+Extensions.swift in Sources */,
				E7D85AE7282159F900EC5D8F /* UserViewModel.swift in Sources */,
				E7BF92562809A03B005230C6 /* WordleApp.swift in Sources */,
				C713C80E283F743C005F770E /* TopScoresUseCase.swift in Sources */,
				E7D85AA72820DAB700EC5D8F /* ResultState.swift in Sources */,
				E7E3DBC6282A60AB008E748E /* LetterView.swift in Sources */,
				E7D85AED28215C1300EC5D8F /* SignUpView.swift in Sources */,
				A28AA5B329784A0C00B0148D /* RequestConfig.swift in Sources */,
				E7D85AE928215BAF00EC5D8F /* LoginView.swift in Sources */,
				E7E3DBC2282A5FDF008E748E /* CharPlace.swift in Sources */,
				E7D85AAA2820DD7700EC5D8F /* ErrorView.swift in Sources */,
				A28AA5BB29784F1600B0148D /* IRequestConfigurator.swift in Sources */,
				E7D85AA42820D82100EC5D8F /* APIError.swift in Sources */,
			);
			runOnlyForDeploymentPostprocessing = 0;
		};
/* End PBXSourcesBuildPhase section */

/* Begin XCBuildConfiguration section */
		E7BF925E2809A03F005230C6 /* Debug */ = {
			isa = XCBuildConfiguration;
			buildSettings = {
				ALWAYS_SEARCH_USER_PATHS = NO;
				CLANG_ANALYZER_NONNULL = YES;
				CLANG_ANALYZER_NUMBER_OBJECT_CONVERSION = YES_AGGRESSIVE;
				CLANG_CXX_LANGUAGE_STANDARD = "gnu++17";
				CLANG_ENABLE_MODULES = YES;
				CLANG_ENABLE_OBJC_ARC = YES;
				CLANG_ENABLE_OBJC_WEAK = YES;
				CLANG_WARN_BLOCK_CAPTURE_AUTORELEASING = YES;
				CLANG_WARN_BOOL_CONVERSION = YES;
				CLANG_WARN_COMMA = YES;
				CLANG_WARN_CONSTANT_CONVERSION = YES;
				CLANG_WARN_DEPRECATED_OBJC_IMPLEMENTATIONS = YES;
				CLANG_WARN_DIRECT_OBJC_ISA_USAGE = YES_ERROR;
				CLANG_WARN_DOCUMENTATION_COMMENTS = YES;
				CLANG_WARN_EMPTY_BODY = YES;
				CLANG_WARN_ENUM_CONVERSION = YES;
				CLANG_WARN_INFINITE_RECURSION = YES;
				CLANG_WARN_INT_CONVERSION = YES;
				CLANG_WARN_NON_LITERAL_NULL_CONVERSION = YES;
				CLANG_WARN_OBJC_IMPLICIT_RETAIN_SELF = YES;
				CLANG_WARN_OBJC_LITERAL_CONVERSION = YES;
				CLANG_WARN_OBJC_ROOT_CLASS = YES_ERROR;
				CLANG_WARN_QUOTED_INCLUDE_IN_FRAMEWORK_HEADER = YES;
				CLANG_WARN_RANGE_LOOP_ANALYSIS = YES;
				CLANG_WARN_STRICT_PROTOTYPES = YES;
				CLANG_WARN_SUSPICIOUS_MOVE = YES;
				CLANG_WARN_UNGUARDED_AVAILABILITY = YES_AGGRESSIVE;
				CLANG_WARN_UNREACHABLE_CODE = YES;
				CLANG_WARN__DUPLICATE_METHOD_MATCH = YES;
				COPY_PHASE_STRIP = NO;
				DEBUG_INFORMATION_FORMAT = dwarf;
				ENABLE_STRICT_OBJC_MSGSEND = YES;
				ENABLE_TESTABILITY = YES;
				GCC_C_LANGUAGE_STANDARD = gnu11;
				GCC_DYNAMIC_NO_PIC = NO;
				GCC_NO_COMMON_BLOCKS = YES;
				GCC_OPTIMIZATION_LEVEL = 0;
				GCC_PREPROCESSOR_DEFINITIONS = (
					"DEBUG=1",
					"$(inherited)",
				);
				GCC_WARN_64_TO_32_BIT_CONVERSION = YES;
				GCC_WARN_ABOUT_RETURN_TYPE = YES_ERROR;
				GCC_WARN_UNDECLARED_SELECTOR = YES;
				GCC_WARN_UNINITIALIZED_AUTOS = YES_AGGRESSIVE;
				GCC_WARN_UNUSED_FUNCTION = YES;
				GCC_WARN_UNUSED_VARIABLE = YES;
				IPHONEOS_DEPLOYMENT_TARGET = 15.4;
				MTL_ENABLE_DEBUG_INFO = INCLUDE_SOURCE;
				MTL_FAST_MATH = YES;
				ONLY_ACTIVE_ARCH = YES;
				SDKROOT = iphoneos;
				SWIFT_ACTIVE_COMPILATION_CONDITIONS = DEBUG;
				SWIFT_OPTIMIZATION_LEVEL = "-Onone";
			};
			name = Debug;
		};
		E7BF925F2809A03F005230C6 /* Release */ = {
			isa = XCBuildConfiguration;
			buildSettings = {
				ALWAYS_SEARCH_USER_PATHS = NO;
				CLANG_ANALYZER_NONNULL = YES;
				CLANG_ANALYZER_NUMBER_OBJECT_CONVERSION = YES_AGGRESSIVE;
				CLANG_CXX_LANGUAGE_STANDARD = "gnu++17";
				CLANG_ENABLE_MODULES = YES;
				CLANG_ENABLE_OBJC_ARC = YES;
				CLANG_ENABLE_OBJC_WEAK = YES;
				CLANG_WARN_BLOCK_CAPTURE_AUTORELEASING = YES;
				CLANG_WARN_BOOL_CONVERSION = YES;
				CLANG_WARN_COMMA = YES;
				CLANG_WARN_CONSTANT_CONVERSION = YES;
				CLANG_WARN_DEPRECATED_OBJC_IMPLEMENTATIONS = YES;
				CLANG_WARN_DIRECT_OBJC_ISA_USAGE = YES_ERROR;
				CLANG_WARN_DOCUMENTATION_COMMENTS = YES;
				CLANG_WARN_EMPTY_BODY = YES;
				CLANG_WARN_ENUM_CONVERSION = YES;
				CLANG_WARN_INFINITE_RECURSION = YES;
				CLANG_WARN_INT_CONVERSION = YES;
				CLANG_WARN_NON_LITERAL_NULL_CONVERSION = YES;
				CLANG_WARN_OBJC_IMPLICIT_RETAIN_SELF = YES;
				CLANG_WARN_OBJC_LITERAL_CONVERSION = YES;
				CLANG_WARN_OBJC_ROOT_CLASS = YES_ERROR;
				CLANG_WARN_QUOTED_INCLUDE_IN_FRAMEWORK_HEADER = YES;
				CLANG_WARN_RANGE_LOOP_ANALYSIS = YES;
				CLANG_WARN_STRICT_PROTOTYPES = YES;
				CLANG_WARN_SUSPICIOUS_MOVE = YES;
				CLANG_WARN_UNGUARDED_AVAILABILITY = YES_AGGRESSIVE;
				CLANG_WARN_UNREACHABLE_CODE = YES;
				CLANG_WARN__DUPLICATE_METHOD_MATCH = YES;
				COPY_PHASE_STRIP = NO;
				DEBUG_INFORMATION_FORMAT = "dwarf-with-dsym";
				ENABLE_NS_ASSERTIONS = NO;
				ENABLE_STRICT_OBJC_MSGSEND = YES;
				GCC_C_LANGUAGE_STANDARD = gnu11;
				GCC_NO_COMMON_BLOCKS = YES;
				GCC_WARN_64_TO_32_BIT_CONVERSION = YES;
				GCC_WARN_ABOUT_RETURN_TYPE = YES_ERROR;
				GCC_WARN_UNDECLARED_SELECTOR = YES;
				GCC_WARN_UNINITIALIZED_AUTOS = YES_AGGRESSIVE;
				GCC_WARN_UNUSED_FUNCTION = YES;
				GCC_WARN_UNUSED_VARIABLE = YES;
				IPHONEOS_DEPLOYMENT_TARGET = 15.4;
				MTL_ENABLE_DEBUG_INFO = NO;
				MTL_FAST_MATH = YES;
				SDKROOT = iphoneos;
				SWIFT_COMPILATION_MODE = wholemodule;
				SWIFT_OPTIMIZATION_LEVEL = "-O";
				VALIDATE_PRODUCT = YES;
			};
			name = Release;
		};
		E7BF92612809A03F005230C6 /* Debug */ = {
			isa = XCBuildConfiguration;
			baseConfigurationReference = 2069E62A388EAC39C91D31AA /* Pods-Wordle.debug.xcconfig */;
			buildSettings = {
				ASSETCATALOG_COMPILER_APPICON_NAME = AppIcon;
				ASSETCATALOG_COMPILER_GLOBAL_ACCENT_COLOR_NAME = AccentColor;
				CODE_SIGN_ENTITLEMENTS = Wordle/Wordle.entitlements;
				CODE_SIGN_STYLE = Automatic;
				CURRENT_PROJECT_VERSION = 1;
				DEVELOPMENT_ASSET_PATHS = "\"Wordle/Preview Content\"";
				DEVELOPMENT_TEAM = ZKC4WQ4FNW;
				ENABLE_PREVIEWS = YES;
				GENERATE_INFOPLIST_FILE = YES;
				INFOPLIST_FILE = Wordle/Info.plist;
				INFOPLIST_KEY_UIApplicationSceneManifest_Generation = YES;
				INFOPLIST_KEY_UIApplicationSupportsIndirectInputEvents = YES;
				INFOPLIST_KEY_UILaunchScreen_Generation = YES;
				INFOPLIST_KEY_UISupportedInterfaceOrientations_iPad = "UIInterfaceOrientationPortrait UIInterfaceOrientationPortraitUpsideDown UIInterfaceOrientationLandscapeLeft UIInterfaceOrientationLandscapeRight";
				INFOPLIST_KEY_UISupportedInterfaceOrientations_iPhone = "UIInterfaceOrientationPortrait UIInterfaceOrientationLandscapeLeft UIInterfaceOrientationLandscapeRight";
				"IPHONEOS_DEPLOYMENT_TARGET[sdk=macosx*]" = 15.0;
				LD_RUNPATH_SEARCH_PATHS = (
					"$(inherited)",
					"@executable_path/Frameworks",
				);
				MARKETING_VERSION = 1.0;
				PRODUCT_BUNDLE_IDENTIFIER = ru.bag.mobile.Wordle.ftc;
				PRODUCT_NAME = "$(TARGET_NAME)";
				SUPPORTS_MACCATALYST = YES;
				SUPPORTS_MAC_DESIGNED_FOR_IPHONE_IPAD = NO;
				SWIFT_EMIT_LOC_STRINGS = YES;
				SWIFT_VERSION = 5.0;
				TARGETED_DEVICE_FAMILY = "1,2,6";
			};
			name = Debug;
		};
		E7BF92622809A03F005230C6 /* Release */ = {
			isa = XCBuildConfiguration;
			baseConfigurationReference = C5EAD6AB36C334016513DEA5 /* Pods-Wordle.release.xcconfig */;
			buildSettings = {
				ASSETCATALOG_COMPILER_APPICON_NAME = AppIcon;
				ASSETCATALOG_COMPILER_GLOBAL_ACCENT_COLOR_NAME = AccentColor;
				CODE_SIGN_ENTITLEMENTS = Wordle/Wordle.entitlements;
				CODE_SIGN_STYLE = Automatic;
				CURRENT_PROJECT_VERSION = 1;
				DEVELOPMENT_ASSET_PATHS = "\"Wordle/Preview Content\"";
				DEVELOPMENT_TEAM = L6RHXFS994;
				ENABLE_PREVIEWS = YES;
				GENERATE_INFOPLIST_FILE = YES;
				INFOPLIST_FILE = Wordle/Info.plist;
				INFOPLIST_KEY_UIApplicationSceneManifest_Generation = YES;
				INFOPLIST_KEY_UIApplicationSupportsIndirectInputEvents = YES;
				INFOPLIST_KEY_UILaunchScreen_Generation = YES;
				INFOPLIST_KEY_UISupportedInterfaceOrientations_iPad = "UIInterfaceOrientationPortrait UIInterfaceOrientationPortraitUpsideDown UIInterfaceOrientationLandscapeLeft UIInterfaceOrientationLandscapeRight";
				INFOPLIST_KEY_UISupportedInterfaceOrientations_iPhone = "UIInterfaceOrientationPortrait UIInterfaceOrientationLandscapeLeft UIInterfaceOrientationLandscapeRight";
				"IPHONEOS_DEPLOYMENT_TARGET[sdk=macosx*]" = 15.0;
				LD_RUNPATH_SEARCH_PATHS = (
					"$(inherited)",
					"@executable_path/Frameworks",
				);
				MARKETING_VERSION = 1.0;
				PRODUCT_BUNDLE_IDENTIFIER = ru.bag.mobile.Wordle.ftc;
				PRODUCT_NAME = "$(TARGET_NAME)";
				SUPPORTS_MACCATALYST = YES;
				SUPPORTS_MAC_DESIGNED_FOR_IPHONE_IPAD = NO;
				SWIFT_EMIT_LOC_STRINGS = YES;
				SWIFT_VERSION = 5.0;
				TARGETED_DEVICE_FAMILY = "1,2,6";
			};
			name = Release;
		};
/* End XCBuildConfiguration section */

/* Begin XCConfigurationList section */
		E7BF924D2809A03B005230C6 /* Build configuration list for PBXProject "Wordle" */ = {
			isa = XCConfigurationList;
			buildConfigurations = (
				E7BF925E2809A03F005230C6 /* Debug */,
				E7BF925F2809A03F005230C6 /* Release */,
			);
			defaultConfigurationIsVisible = 0;
			defaultConfigurationName = Release;
		};
		E7BF92602809A03F005230C6 /* Build configuration list for PBXNativeTarget "Wordle" */ = {
			isa = XCConfigurationList;
			buildConfigurations = (
				E7BF92612809A03F005230C6 /* Debug */,
				E7BF92622809A03F005230C6 /* Release */,
			);
			defaultConfigurationIsVisible = 0;
			defaultConfigurationName = Release;
		};
/* End XCConfigurationList section */

/* Begin XCRemoteSwiftPackageReference section */
		E7D85A972820CFD800EC5D8F /* XCRemoteSwiftPackageReference "GoogleSignIn-iOS" */ = {
			isa = XCRemoteSwiftPackageReference;
			repositoryURL = "https://github.com/google/GoogleSignIn-iOS.git";
			requirement = {
				kind = upToNextMajorVersion;
				minimumVersion = 6.0.0;
			};
		};
		E7D85AAD2820EBA700EC5D8F /* XCRemoteSwiftPackageReference "firebase-ios-sdk" */ = {
			isa = XCRemoteSwiftPackageReference;
			repositoryURL = "https://github.com/firebase/firebase-ios-sdk";
			requirement = {
				kind = upToNextMajorVersion;
				minimumVersion = 8.0.0;
			};
		};
/* End XCRemoteSwiftPackageReference section */

/* Begin XCSwiftPackageProductDependency section */
		E7D85A982820CFD800EC5D8F /* GoogleSignIn */ = {
			isa = XCSwiftPackageProductDependency;
			package = E7D85A972820CFD800EC5D8F /* XCRemoteSwiftPackageReference "GoogleSignIn-iOS" */;
			productName = GoogleSignIn;
		};
		E7D85AAE2820EBA700EC5D8F /* FirebaseAnalytics */ = {
			isa = XCSwiftPackageProductDependency;
			package = E7D85AAD2820EBA700EC5D8F /* XCRemoteSwiftPackageReference "firebase-ios-sdk" */;
			productName = FirebaseAnalytics;
		};
		E7D85AB02820EBA700EC5D8F /* FirebaseAnalyticsSwift-Beta */ = {
			isa = XCSwiftPackageProductDependency;
			package = E7D85AAD2820EBA700EC5D8F /* XCRemoteSwiftPackageReference "firebase-ios-sdk" */;
			productName = "FirebaseAnalyticsSwift-Beta";
		};
		E7D85AB22820EBA700EC5D8F /* FirebaseAnalyticsWithoutAdIdSupport */ = {
			isa = XCSwiftPackageProductDependency;
			package = E7D85AAD2820EBA700EC5D8F /* XCRemoteSwiftPackageReference "firebase-ios-sdk" */;
			productName = FirebaseAnalyticsWithoutAdIdSupport;
		};
		E7D85AB42820EBA700EC5D8F /* FirebaseAppCheck */ = {
			isa = XCSwiftPackageProductDependency;
			package = E7D85AAD2820EBA700EC5D8F /* XCRemoteSwiftPackageReference "firebase-ios-sdk" */;
			productName = FirebaseAppCheck;
		};
		E7D85AB62820EBA700EC5D8F /* FirebaseAppDistribution-Beta */ = {
			isa = XCSwiftPackageProductDependency;
			package = E7D85AAD2820EBA700EC5D8F /* XCRemoteSwiftPackageReference "firebase-ios-sdk" */;
			productName = "FirebaseAppDistribution-Beta";
		};
		E7D85AB82820EBA700EC5D8F /* FirebaseAuth */ = {
			isa = XCSwiftPackageProductDependency;
			package = E7D85AAD2820EBA700EC5D8F /* XCRemoteSwiftPackageReference "firebase-ios-sdk" */;
			productName = FirebaseAuth;
		};
		E7D85ABA2820EBA700EC5D8F /* FirebaseAuthCombine-Community */ = {
			isa = XCSwiftPackageProductDependency;
			package = E7D85AAD2820EBA700EC5D8F /* XCRemoteSwiftPackageReference "firebase-ios-sdk" */;
			productName = "FirebaseAuthCombine-Community";
		};
		E7D85ABC2820EBA700EC5D8F /* FirebaseCrashlytics */ = {
			isa = XCSwiftPackageProductDependency;
			package = E7D85AAD2820EBA700EC5D8F /* XCRemoteSwiftPackageReference "firebase-ios-sdk" */;
			productName = FirebaseCrashlytics;
		};
		E7D85ABE2820EBA700EC5D8F /* FirebaseDatabase */ = {
			isa = XCSwiftPackageProductDependency;
			package = E7D85AAD2820EBA700EC5D8F /* XCRemoteSwiftPackageReference "firebase-ios-sdk" */;
			productName = FirebaseDatabase;
		};
		E7D85AC02820EBA700EC5D8F /* FirebaseDatabaseSwift-Beta */ = {
			isa = XCSwiftPackageProductDependency;
			package = E7D85AAD2820EBA700EC5D8F /* XCRemoteSwiftPackageReference "firebase-ios-sdk" */;
			productName = "FirebaseDatabaseSwift-Beta";
		};
		E7D85AC22820EBA700EC5D8F /* FirebaseDynamicLinks */ = {
			isa = XCSwiftPackageProductDependency;
			package = E7D85AAD2820EBA700EC5D8F /* XCRemoteSwiftPackageReference "firebase-ios-sdk" */;
			productName = FirebaseDynamicLinks;
		};
		E7D85AC42820EBA700EC5D8F /* FirebaseFirestore */ = {
			isa = XCSwiftPackageProductDependency;
			package = E7D85AAD2820EBA700EC5D8F /* XCRemoteSwiftPackageReference "firebase-ios-sdk" */;
			productName = FirebaseFirestore;
		};
		E7D85AC62820EBA700EC5D8F /* FirebaseFirestoreCombine-Community */ = {
			isa = XCSwiftPackageProductDependency;
			package = E7D85AAD2820EBA700EC5D8F /* XCRemoteSwiftPackageReference "firebase-ios-sdk" */;
			productName = "FirebaseFirestoreCombine-Community";
		};
		E7D85AC82820EBA700EC5D8F /* FirebaseFirestoreSwift-Beta */ = {
			isa = XCSwiftPackageProductDependency;
			package = E7D85AAD2820EBA700EC5D8F /* XCRemoteSwiftPackageReference "firebase-ios-sdk" */;
			productName = "FirebaseFirestoreSwift-Beta";
		};
		E7D85ACA2820EBA700EC5D8F /* FirebaseFunctions */ = {
			isa = XCSwiftPackageProductDependency;
			package = E7D85AAD2820EBA700EC5D8F /* XCRemoteSwiftPackageReference "firebase-ios-sdk" */;
			productName = FirebaseFunctions;
		};
		E7D85ACC2820EBA700EC5D8F /* FirebaseFunctionsCombine-Community */ = {
			isa = XCSwiftPackageProductDependency;
			package = E7D85AAD2820EBA700EC5D8F /* XCRemoteSwiftPackageReference "firebase-ios-sdk" */;
			productName = "FirebaseFunctionsCombine-Community";
		};
		E7D85ACE2820EBA700EC5D8F /* FirebaseFunctionsSwift-Beta */ = {
			isa = XCSwiftPackageProductDependency;
			package = E7D85AAD2820EBA700EC5D8F /* XCRemoteSwiftPackageReference "firebase-ios-sdk" */;
			productName = "FirebaseFunctionsSwift-Beta";
		};
		E7D85AD02820EBA700EC5D8F /* FirebaseInAppMessaging-Beta */ = {
			isa = XCSwiftPackageProductDependency;
			package = E7D85AAD2820EBA700EC5D8F /* XCRemoteSwiftPackageReference "firebase-ios-sdk" */;
			productName = "FirebaseInAppMessaging-Beta";
		};
		E7D85AD22820EBA700EC5D8F /* FirebaseInAppMessagingSwift-Beta */ = {
			isa = XCSwiftPackageProductDependency;
			package = E7D85AAD2820EBA700EC5D8F /* XCRemoteSwiftPackageReference "firebase-ios-sdk" */;
			productName = "FirebaseInAppMessagingSwift-Beta";
		};
		E7D85AD42820EBA700EC5D8F /* FirebaseInstallations */ = {
			isa = XCSwiftPackageProductDependency;
			package = E7D85AAD2820EBA700EC5D8F /* XCRemoteSwiftPackageReference "firebase-ios-sdk" */;
			productName = FirebaseInstallations;
		};
		E7D85AD62820EBA700EC5D8F /* FirebaseMessaging */ = {
			isa = XCSwiftPackageProductDependency;
			package = E7D85AAD2820EBA700EC5D8F /* XCRemoteSwiftPackageReference "firebase-ios-sdk" */;
			productName = FirebaseMessaging;
		};
		E7D85AD82820EBA700EC5D8F /* FirebasePerformance */ = {
			isa = XCSwiftPackageProductDependency;
			package = E7D85AAD2820EBA700EC5D8F /* XCRemoteSwiftPackageReference "firebase-ios-sdk" */;
			productName = FirebasePerformance;
		};
		E7D85ADA2820EBA700EC5D8F /* FirebaseRemoteConfig */ = {
			isa = XCSwiftPackageProductDependency;
			package = E7D85AAD2820EBA700EC5D8F /* XCRemoteSwiftPackageReference "firebase-ios-sdk" */;
			productName = FirebaseRemoteConfig;
		};
		E7D85ADC2820EBA700EC5D8F /* FirebaseRemoteConfigSwift-Beta */ = {
			isa = XCSwiftPackageProductDependency;
			package = E7D85AAD2820EBA700EC5D8F /* XCRemoteSwiftPackageReference "firebase-ios-sdk" */;
			productName = "FirebaseRemoteConfigSwift-Beta";
		};
		E7D85ADE2820EBA800EC5D8F /* FirebaseStorage */ = {
			isa = XCSwiftPackageProductDependency;
			package = E7D85AAD2820EBA700EC5D8F /* XCRemoteSwiftPackageReference "firebase-ios-sdk" */;
			productName = FirebaseStorage;
		};
		E7D85AE02820EBA800EC5D8F /* FirebaseStorageCombine-Community */ = {
			isa = XCSwiftPackageProductDependency;
			package = E7D85AAD2820EBA700EC5D8F /* XCRemoteSwiftPackageReference "firebase-ios-sdk" */;
			productName = "FirebaseStorageCombine-Community";
		};
		E7D85AE22820EBA800EC5D8F /* FirebaseStorageSwift-Beta */ = {
			isa = XCSwiftPackageProductDependency;
			package = E7D85AAD2820EBA700EC5D8F /* XCRemoteSwiftPackageReference "firebase-ios-sdk" */;
			productName = "FirebaseStorageSwift-Beta";
		};
/* End XCSwiftPackageProductDependency section */
	};
	rootObject = E7BF924A2809A03B005230C6 /* Project object */;
}
